
Microsoft Visual Studio Solution File, Format Version 12.00
# Visual Studio Version 17
VisualStudioVersion = 17.10.35013.160
MinimumVisualStudioVersion = 10.0.40219.1
Project("{FAE04EC0-301F-11D3-BF4B-00C04F79EFBC}") = "QuizApp", "QuizApp\QuizApp.csproj", "{C6D79FA5-FB8A-4822-8524-C7269878311D}"
EndProject
Global
	GlobalSection(SolutionConfigurationPlatforms) = preSolution
		Debug|Any CPU = Debug|Any CPU
		Release|Any CPU = Release|Any CPU
	EndGlobalSection
	GlobalSection(ProjectConfigurationPlatforms) = postSolution
		{C6D79FA5-FB8A-4822-8524-C7269878311D}.Debug|Any CPU.ActiveCfg = Debug|Any CPU
		{C6D79FA5-FB8A-4822-8524-C7269878311D}.Debug|Any CPU.Build.0 = Debug|Any CPU
		{C6D79FA5-FB8A-4822-8524-C7269878311D}.Release|Any CPU.ActiveCfg = Release|Any CPU
		{C6D79FA5-FB8A-4822-8524-C7269878311D}.Release|Any CPU.Build.0 = Release|Any CPU
	EndGlobalSection
	GlobalSection(SolutionProperties) = preSolution
		HideSolutionNode = FALSE
	EndGlobalSection
	GlobalSection(ExtensibilityGlobals) = postSolution
		SolutionGuid = {FBE9D9BB-034B-4E84-92E4-F048DBB23DAE}
	EndGlobalSection
EndGlobal
