
Microsoft Visual Studio Solution File, Format Version 12.00
# Visual Studio Version 17
VisualStudioVersion = 17.10.35013.160
MinimumVisualStudioVersion = 10.0.40219.1
Project("{FAE04EC0-301F-11D3-BF4B-00C04F79EFBC}") = "oldStyleApp", "oldStyleApp\oldStyleApp.csproj", "{D7B8306D-6337-4798-A39D-EA7F29BC3AC0}"
EndProject
Global
	GlobalSection(SolutionConfigurationPlatforms) = preSolution
		Debug|Any CPU = Debug|Any CPU
		Release|Any CPU = Release|Any CPU
	EndGlobalSection
	GlobalSection(ProjectConfigurationPlatforms) = postSolution
		{D7B8306D-6337-4798-A39D-EA7F29BC3AC0}.Debug|Any CPU.ActiveCfg = Debug|Any CPU
		{D7B8306D-6337-4798-A39D-EA7F29BC3AC0}.Debug|Any CPU.Build.0 = Debug|Any CPU
		{D7B8306D-6337-4798-A39D-EA7F29BC3AC0}.Release|Any CPU.ActiveCfg = Release|Any CPU
		{D7B8306D-6337-4798-A39D-EA7F29BC3AC0}.Release|Any CPU.Build.0 = Release|Any CPU
	EndGlobalSection
	GlobalSection(SolutionProperties) = preSolution
		HideSolutionNode = FALSE
	EndGlobalSection
	GlobalSection(ExtensibilityGlobals) = postSolution
		SolutionGuid = {BFE8B6D3-8960-4435-84C0-C93E5B12A005}
	EndGlobalSection
EndGlobal
