
Microsoft Visual Studio Solution File, Format Version 12.00
# Visual Studio Version 17
VisualStudioVersion = 17.9.34728.123
MinimumVisualStudioVersion = 10.0.40219.1
Project("{FAE04EC0-301F-11D3-BF4B-00C04F79EFBC}") = "TryCatchExceptions", "TryCatchExceptions\TryCatchExceptions.csproj", "{F34F567C-2EC6-4DE1-A44B-9A9CFEF83EDD}"
EndProject
Global
	GlobalSection(SolutionConfigurationPlatforms) = preSolution
		Debug|Any CPU = Debug|Any CPU
		Release|Any CPU = Release|Any CPU
	EndGlobalSection
	GlobalSection(ProjectConfigurationPlatforms) = postSolution
		{F34F567C-2EC6-4DE1-A44B-9A9CFEF83EDD}.Debug|Any CPU.ActiveCfg = Debug|Any CPU
		{F34F567C-2EC6-4DE1-A44B-9A9CFEF83EDD}.Debug|Any CPU.Build.0 = Debug|Any CPU
		{F34F567C-2EC6-4DE1-A44B-9A9CFEF83EDD}.Release|Any CPU.ActiveCfg = Release|Any CPU
		{F34F567C-2EC6-4DE1-A44B-9A9CFEF83EDD}.Release|Any CPU.Build.0 = Release|Any CPU
	EndGlobalSection
	GlobalSection(SolutionProperties) = preSolution
		HideSolutionNode = FALSE
	EndGlobalSection
	GlobalSection(ExtensibilityGlobals) = postSolution
		SolutionGuid = {68F38962-94B3-4D6E-86F3-854F45A3C663}
	EndGlobalSection
EndGlobal
