
Microsoft Visual Studio Solution File, Format Version 12.00
# Visual Studio Version 17
VisualStudioVersion = 17.10.35027.167
MinimumVisualStudioVersion = 10.0.40219.1
Project("{FAE04EC0-301F-11D3-BF4B-00C04F79EFBC}") = "ManagementApp", "ManagementApp\ManagementApp.csproj", "{0AE97B95-7B38-469E-A615-33120CB2245D}"
EndProject
Global
	GlobalSection(SolutionConfigurationPlatforms) = preSolution
		Debug|Any CPU = Debug|Any CPU
		Release|Any CPU = Release|Any CPU
	EndGlobalSection
	GlobalSection(ProjectConfigurationPlatforms) = postSolution
		{0AE97B95-7B38-469E-A615-33120CB2245D}.Debug|Any CPU.ActiveCfg = Debug|Any CPU
		{0AE97B95-7B38-469E-A615-33120CB2245D}.Debug|Any CPU.Build.0 = Debug|Any CPU
		{0AE97B95-7B38-469E-A615-33120CB2245D}.Release|Any CPU.ActiveCfg = Release|Any CPU
		{0AE97B95-7B38-469E-A615-33120CB2245D}.Release|Any CPU.Build.0 = Release|Any CPU
	EndGlobalSection
	GlobalSection(SolutionProperties) = preSolution
		HideSolutionNode = FALSE
	EndGlobalSection
	GlobalSection(ExtensibilityGlobals) = postSolution
		SolutionGuid = {FAF3D6E7-10D4-4351-B00F-BA6DA93F0996}
	EndGlobalSection
EndGlobal
