
Microsoft Visual Studio Solution File, Format Version 12.00
# Visual Studio Version 17
VisualStudioVersion = 17.10.35027.167
MinimumVisualStudioVersion = 10.0.40219.1
Project("{FAE04EC0-301F-11D3-BF4B-00C04F79EFBC}") = "LinQ2SQL", "LinQ2SQL\LinQ2SQL.csproj", "{A237DAC2-9F4B-4A0D-BF8C-ABD0F3B0C4B0}"
EndProject
Global
	GlobalSection(SolutionConfigurationPlatforms) = preSolution
		Debug|Any CPU = Debug|Any CPU
		Release|Any CPU = Release|Any CPU
	EndGlobalSection
	GlobalSection(ProjectConfigurationPlatforms) = postSolution
		{A237DAC2-9F4B-4A0D-BF8C-ABD0F3B0C4B0}.Debug|Any CPU.ActiveCfg = Debug|Any CPU
		{A237DAC2-9F4B-4A0D-BF8C-ABD0F3B0C4B0}.Debug|Any CPU.Build.0 = Debug|Any CPU
		{A237DAC2-9F4B-4A0D-BF8C-ABD0F3B0C4B0}.Release|Any CPU.ActiveCfg = Release|Any CPU
		{A237DAC2-9F4B-4A0D-BF8C-ABD0F3B0C4B0}.Release|Any CPU.Build.0 = Release|Any CPU
	EndGlobalSection
	GlobalSection(SolutionProperties) = preSolution
		HideSolutionNode = FALSE
	EndGlobalSection
	GlobalSection(ExtensibilityGlobals) = postSolution
		SolutionGuid = {981E3106-B00A-46B6-A92F-6502A1431167}
	EndGlobalSection
EndGlobal
